
Microsoft Visual Studio Solution File, Format Version 12.00
# Visual Studio Version 17
VisualStudioVersion = 17.8.34316.72
MinimumVisualStudioVersion = 10.0.40219.1
Project("{FAE04EC0-301F-11D3-BF4B-00C04F79EFBC}") = "Palindrome WordChecker", "Palindrome WordChecker.csproj", "{9224DE69-3E36-4C1B-9395-405BCC04417A}"
EndProject
Global
	GlobalSection(SolutionConfigurationPlatforms) = preSolution
		Debug|Any CPU = Debug|Any CPU
		Release|Any CPU = Release|Any CPU
	EndGlobalSection
	GlobalSection(ProjectConfigurationPlatforms) = postSolution
		{9224DE69-3E36-4C1B-9395-405BCC04417A}.Debug|Any CPU.ActiveCfg = Debug|Any CPU
		{9224DE69-3E36-4C1B-9395-405BCC04417A}.Debug|Any CPU.Build.0 = Debug|Any CPU
		{9224DE69-3E36-4C1B-9395-405BCC04417A}.Release|Any CPU.ActiveCfg = Release|Any CPU
		{9224DE69-3E36-4C1B-9395-405BCC04417A}.Release|Any CPU.Build.0 = Release|Any CPU
	EndGlobalSection
	GlobalSection(SolutionProperties) = preSolution
		HideSolutionNode = FALSE
	EndGlobalSection
	GlobalSection(ExtensibilityGlobals) = postSolution
		SolutionGuid = {058C7D07-DF72-492D-A6DB-AFBE3A371A55}
	EndGlobalSection
EndGlobal
